
Microsoft Visual Studio Solution File, Format Version 12.00
# Visual Studio Version 17
VisualStudioVersion = 17.10.34916.146
MinimumVisualStudioVersion = 10.0.40219.1
Project("{FAE04EC0-301F-11D3-BF4B-00C04F79EFBC}") = "Contacts.View", "Contacts.View\Contacts.View.csproj", "{97C61DC7-C9ED-47CB-AC9A-F0DDB5BDC03C}"
EndProject
Project("{FAE04EC0-301F-11D3-BF4B-00C04F79EFBC}") = "Contacts.Model", "Contacts.Model\Contacts.Model.csproj", "{32EBF43C-6243-4C8A-8B3C-B0BA337C3311}"
EndProject
Project("{FAE04EC0-301F-11D3-BF4B-00C04F79EFBC}") = "Contacts.ViewModel", "Contacts.ViewModel\Contacts.ViewModel.csproj", "{445E73C3-CE20-4610-8A01-38F18BA8D37E}"
EndProject
Global
	GlobalSection(SolutionConfigurationPlatforms) = preSolution
		Debug|Any CPU = Debug|Any CPU
		Release|Any CPU = Release|Any CPU
	EndGlobalSection
	GlobalSection(ProjectConfigurationPlatforms) = postSolution
		{97C61DC7-C9ED-47CB-AC9A-F0DDB5BDC03C}.Debug|Any CPU.ActiveCfg = Debug|Any CPU
		{97C61DC7-C9ED-47CB-AC9A-F0DDB5BDC03C}.Debug|Any CPU.Build.0 = Debug|Any CPU
		{97C61DC7-C9ED-47CB-AC9A-F0DDB5BDC03C}.Release|Any CPU.ActiveCfg = Release|Any CPU
		{97C61DC7-C9ED-47CB-AC9A-F0DDB5BDC03C}.Release|Any CPU.Build.0 = Release|Any CPU
		{32EBF43C-6243-4C8A-8B3C-B0BA337C3311}.Debug|Any CPU.ActiveCfg = Debug|Any CPU
		{32EBF43C-6243-4C8A-8B3C-B0BA337C3311}.Debug|Any CPU.Build.0 = Debug|Any CPU
		{32EBF43C-6243-4C8A-8B3C-B0BA337C3311}.Release|Any CPU.ActiveCfg = Release|Any CPU
		{32EBF43C-6243-4C8A-8B3C-B0BA337C3311}.Release|Any CPU.Build.0 = Release|Any CPU
		{445E73C3-CE20-4610-8A01-38F18BA8D37E}.Debug|Any CPU.ActiveCfg = Debug|Any CPU
		{445E73C3-CE20-4610-8A01-38F18BA8D37E}.Debug|Any CPU.Build.0 = Debug|Any CPU
		{445E73C3-CE20-4610-8A01-38F18BA8D37E}.Release|Any CPU.ActiveCfg = Release|Any CPU
		{445E73C3-CE20-4610-8A01-38F18BA8D37E}.Release|Any CPU.Build.0 = Release|Any CPU
	EndGlobalSection
	GlobalSection(SolutionProperties) = preSolution
		HideSolutionNode = FALSE
	EndGlobalSection
	GlobalSection(ExtensibilityGlobals) = postSolution
		SolutionGuid = {5A809F3E-A21D-4CC0-B738-69DFDD02E9CB}
	EndGlobalSection
EndGlobal
