
Microsoft Visual Studio Solution File, Format Version 12.00
# Visual Studio Version 17
VisualStudioVersion = 17.4.33403.182
MinimumVisualStudioVersion = 10.0.40219.1
Project("{FAE04EC0-301F-11D3-BF4B-00C04F79EFBC}") = "Contacts", "WpfApp1\Contacts.csproj", "{4722BFE5-ECF2-4A86-B8D6-299EB220CFE3}"
EndProject
Global
	GlobalSection(SolutionConfigurationPlatforms) = preSolution
		Debug|Any CPU = Debug|Any CPU
		Release|Any CPU = Release|Any CPU
	EndGlobalSection
	GlobalSection(ProjectConfigurationPlatforms) = postSolution
		{4722BFE5-ECF2-4A86-B8D6-299EB220CFE3}.Debug|Any CPU.ActiveCfg = Debug|Any CPU
		{4722BFE5-ECF2-4A86-B8D6-299EB220CFE3}.Debug|Any CPU.Build.0 = Debug|Any CPU
		{4722BFE5-ECF2-4A86-B8D6-299EB220CFE3}.Release|Any CPU.ActiveCfg = Release|Any CPU
		{4722BFE5-ECF2-4A86-B8D6-299EB220CFE3}.Release|Any CPU.Build.0 = Release|Any CPU
	EndGlobalSection
	GlobalSection(SolutionProperties) = preSolution
		HideSolutionNode = FALSE
	EndGlobalSection
	GlobalSection(ExtensibilityGlobals) = postSolution
		SolutionGuid = {5249D17C-8301-4D17-8546-611B6A8BD760}
	EndGlobalSection
EndGlobal
