
Microsoft Visual Studio Solution File, Format Version 12.00
# Visual Studio Version 17
VisualStudioVersion = 17.10.34916.146
MinimumVisualStudioVersion = 10.0.40219.1
Project("{FAE04EC0-301F-11D3-BF4B-00C04F79EFBC}") = "StudentsApp", "StudentsApp.csproj", "{06FD3B60-7A45-4AF2-8777-6FF3EA0B4ACF}"
EndProject
Global
	GlobalSection(SolutionConfigurationPlatforms) = preSolution
		Debug|Any CPU = Debug|Any CPU
		Release|Any CPU = Release|Any CPU
	EndGlobalSection
	GlobalSection(ProjectConfigurationPlatforms) = postSolution
		{06FD3B60-7A45-4AF2-8777-6FF3EA0B4ACF}.Debug|Any CPU.ActiveCfg = Debug|Any CPU
		{06FD3B60-7A45-4AF2-8777-6FF3EA0B4ACF}.Debug|Any CPU.Build.0 = Debug|Any CPU
		{06FD3B60-7A45-4AF2-8777-6FF3EA0B4ACF}.Release|Any CPU.ActiveCfg = Release|Any CPU
		{06FD3B60-7A45-4AF2-8777-6FF3EA0B4ACF}.Release|Any CPU.Build.0 = Release|Any CPU
	EndGlobalSection
	GlobalSection(SolutionProperties) = preSolution
		HideSolutionNode = FALSE
	EndGlobalSection
	GlobalSection(ExtensibilityGlobals) = postSolution
		SolutionGuid = {6029178E-2B19-4FDF-8DA3-7DFDD02D67BF}
	EndGlobalSection
EndGlobal
